Microsoft Visual Studio Solution File, Format Version 12.00
# Visual Studio 15
VisualStudioVersion = 15.0.27004.2005
MinimumVisualStudioVersion = 15.0.26124.0
Project("{2150E333-8FDC-42A3-9474-1A3956D46DE8}") = "src", "src", "{C96334A8-D895-4B8D-98C5-ED445002D10E}"
EndProject
Project("{6EC3EE1D-3C4E-46DD-8F32-0CC8E7565705}") = "ProtoBuf.FSharpHelpers", "src/ProtoBuf.FSharpHelpers/ProtoBuf.FSharpHelpers.fsproj", "{2A86F63A-7757-4E5D-9767-A3E8B1288A09}"
EndProject
Project("{2150E333-8FDC-42A3-9474-1A3956D46DE8}") = "test", "test", "{05FAEF74-6EB4-4B70-815B-623B6B47146C}"
EndProject
Project("{6EC3EE1D-3C4E-46DD-8F32-0CC8E7565705}") = "ProtoBuf.FSharpHelpers.Unit", "test/ProtoBuf.FSharpHelpers.Unit/ProtoBuf.FSharpHelpers.Unit.fsproj", "{63D0255E-7F04-41BD-B116-616FDEF19426}"
EndProject
Global
	GlobalSection(SolutionConfigurationPlatforms) = preSolution
		Debug|Any CPU = Debug|Any CPU
		Debug|x64 = Debug|x64
		Debug|x86 = Debug|x86
		Release|Any CPU = Release|Any CPU
		Release|x64 = Release|x64
		Release|x86 = Release|x86
	EndGlobalSection
	GlobalSection(ProjectConfigurationPlatforms) = postSolution
		{2A86F63A-7757-4E5D-9767-A3E8B1288A09}.Debug|Any CPU.ActiveCfg = Debug|Any CPU
		{2A86F63A-7757-4E5D-9767-A3E8B1288A09}.Debug|Any CPU.Build.0 = Debug|Any CPU
		{2A86F63A-7757-4E5D-9767-A3E8B1288A09}.Debug|x64.ActiveCfg = Debug|Any CPU
		{2A86F63A-7757-4E5D-9767-A3E8B1288A09}.Debug|x64.Build.0 = Debug|Any CPU
		{2A86F63A-7757-4E5D-9767-A3E8B1288A09}.Debug|x86.ActiveCfg = Debug|Any CPU
		{2A86F63A-7757-4E5D-9767-A3E8B1288A09}.Debug|x86.Build.0 = Debug|Any CPU
		{2A86F63A-7757-4E5D-9767-A3E8B1288A09}.Release|Any CPU.ActiveCfg = Release|Any CPU
		{2A86F63A-7757-4E5D-9767-A3E8B1288A09}.Release|Any CPU.Build.0 = Release|Any CPU
		{2A86F63A-7757-4E5D-9767-A3E8B1288A09}.Release|x64.ActiveCfg = Release|Any CPU
		{2A86F63A-7757-4E5D-9767-A3E8B1288A09}.Release|x64.Build.0 = Release|Any CPU
		{2A86F63A-7757-4E5D-9767-A3E8B1288A09}.Release|x86.ActiveCfg = Release|Any CPU
		{2A86F63A-7757-4E5D-9767-A3E8B1288A09}.Release|x86.Build.0 = Release|Any CPU
		{63D0255E-7F04-41BD-B116-616FDEF19426}.Debug|Any CPU.ActiveCfg = Debug|Any CPU
		{63D0255E-7F04-41BD-B116-616FDEF19426}.Debug|Any CPU.Build.0 = Debug|Any CPU
		{63D0255E-7F04-41BD-B116-616FDEF19426}.Debug|x64.ActiveCfg = Debug|Any CPU
		{63D0255E-7F04-41BD-B116-616FDEF19426}.Debug|x64.Build.0 = Debug|Any CPU
		{63D0255E-7F04-41BD-B116-616FDEF19426}.Debug|x86.ActiveCfg = Debug|Any CPU
		{63D0255E-7F04-41BD-B116-616FDEF19426}.Debug|x86.Build.0 = Debug|Any CPU
		{63D0255E-7F04-41BD-B116-616FDEF19426}.Release|Any CPU.ActiveCfg = Release|Any CPU
		{63D0255E-7F04-41BD-B116-616FDEF19426}.Release|Any CPU.Build.0 = Release|Any CPU
		{63D0255E-7F04-41BD-B116-616FDEF19426}.Release|x64.ActiveCfg = Release|Any CPU
		{63D0255E-7F04-41BD-B116-616FDEF19426}.Release|x64.Build.0 = Release|Any CPU
		{63D0255E-7F04-41BD-B116-616FDEF19426}.Release|x86.ActiveCfg = Release|Any CPU
		{63D0255E-7F04-41BD-B116-616FDEF19426}.Release|x86.Build.0 = Release|Any CPU
	EndGlobalSection
	GlobalSection(SolutionProperties) = preSolution
		HideSolutionNode = FALSE
	EndGlobalSection
	GlobalSection(NestedProjects) = preSolution
		{2A86F63A-7757-4E5D-9767-A3E8B1288A09} = {C96334A8-D895-4B8D-98C5-ED445002D10E}
		{63D0255E-7F04-41BD-B116-616FDEF19426} = {05FAEF74-6EB4-4B70-815B-623B6B47146C}
	EndGlobalSection
	GlobalSection(ExtensibilityGlobals) = postSolution
		SolutionGuid = {961FF62F-F871-431E-9363-C7DB21F52D94}
	EndGlobalSection
EndGlobal
